
Microsoft Visual Studio Solution File, Format Version 12.00
# Visual Studio 15
VisualStudioVersion = 15.0.27428.1
MinimumVisualStudioVersion = 10.0.40219.1
Project("{FAE04EC0-301F-11D3-BF4B-00C04F79EFBC}") = "Prog2", "Prog2\Prog2.csproj", "{38073759-51DB-4765-9231-5C67C442F1D8}"
EndProject
Global
	GlobalSection(SolutionConfigurationPlatforms) = preSolution
		Debug|Any CPU = Debug|Any CPU
		Release|Any CPU = Release|Any CPU
	EndGlobalSection
	GlobalSection(ProjectConfigurationPlatforms) = postSolution
		{38073759-51DB-4765-9231-5C67C442F1D8}.Debug|Any CPU.ActiveCfg = Debug|Any CPU
		{38073759-51DB-4765-9231-5C67C442F1D8}.Debug|Any CPU.Build.0 = Debug|Any CPU
		{38073759-51DB-4765-9231-5C67C442F1D8}.Release|Any CPU.ActiveCfg = Release|Any CPU
		{38073759-51DB-4765-9231-5C67C442F1D8}.Release|Any CPU.Build.0 = Release|Any CPU
	EndGlobalSection
	GlobalSection(SolutionProperties) = preSolution
		HideSolutionNode = FALSE
	EndGlobalSection
	GlobalSection(ExtensibilityGlobals) = postSolution
		SolutionGuid = {D910B7F0-F5D1-49AA-AF8A-1987669B456B}
	EndGlobalSection
EndGlobal
